<?xml version="1.0" encoding="utf-8"?>
<Project ToolsVersion="4.0" xmlns="http://schemas.microsoft.com/developer/msbuild/2003">
  <ItemGroup>
    <Filter Include="UVa">
      <UniqueIdentifier>{93995380-89BD-4b04-88EB-625FBE52EBFB}</UniqueIdentifier>
      <Extensions>h;hh;hpp;hxx;hm;inl;inc;xsd</Extensions>
    </Filter>
    <Filter Include="模板">
      <UniqueIdentifier>{fd0a63a9-c376-47ec-a67d-74651e437b9c}</UniqueIdentifier>
    </Filter>
    <Filter Include="XMUT">
      <UniqueIdentifier>{83bdff91-4c8b-4ad5-8a13-5ea7468eaabb}</UniqueIdentifier>
    </Filter>
    <Filter Include="其他OJ">
      <UniqueIdentifier>{6e724156-4169-4cb4-accd-70a3fe9a501f}</UniqueIdentifier>
    </Filter>
  </ItemGroup>
  <ItemGroup>
    <ClCompile Include="模板\基础模板.cpp">
      <Filter>模板</Filter>
    </ClCompile>
    <ClCompile Include="模板\输入输出控制.cpp">
      <Filter>模板</Filter>
    </ClCompile>
    <ClCompile Include="UVa\UVa210.cpp">
      <Filter>UVa</Filter>
    </ClCompile>
    <ClCompile Include="XMUT\XMUT1312.cpp">
      <Filter>XMUT</Filter>
    </ClCompile>
    <ClCompile Include="XMUT\XMUT1314.cpp">
      <Filter>XMUT</Filter>
    </ClCompile>
    <ClCompile Include="XMUT\XMUT1315.cpp">
      <Filter>XMUT</Filter>
    </ClCompile>
    <ClCompile Include="XMUT\XMUT1316.cpp">
      <Filter>XMUT</Filter>
    </ClCompile>
    <ClCompile Include="UVa\UVa514.cpp">
      <Filter>UVa</Filter>
    </ClCompile>
    <ClCompile Include="其他OJ\POJ3356.cpp">
      <Filter>其他OJ</Filter>
    </ClCompile>
    <ClCompile Include="UVa\UVa442.cpp">
      <Filter>UVa</Filter>
    </ClCompile>
    <ClCompile Include="UVa\UVa11988.cpp">
      <Filter>UVa</Filter>
    </ClCompile>
    <ClCompile Include="XMUT\XMUT1149.cpp">
      <Filter>XMUT</Filter>
    </ClCompile>
    <ClCompile Include="XMUT\XMUT1317.cpp">
      <Filter>XMUT</Filter>
    </ClCompile>
    <ClCompile Include="XMUT\XMUT1318.cpp">
      <Filter>XMUT</Filter>
    </ClCompile>
    <ClCompile Include="XMUT\XMUT1319.cpp">
      <Filter>XMUT</Filter>
    </ClCompile>
    <ClCompile Include="UVa\UVa12657.cpp">
      <Filter>UVa</Filter>
    </ClCompile>
    <ClCompile Include="模板\基础模板1.cpp">
      <Filter>模板</Filter>
    </ClCompile>
    <ClCompile Include="UVa\UVa679.cpp">
      <Filter>UVa</Filter>
    </ClCompile>
    <ClCompile Include="UVa\UVa122.cpp">
      <Filter>UVa</Filter>
    </ClCompile>
  </ItemGroup>
  <ItemGroup>
    <None Include="模板\大数处理.java">
      <Filter>模板</Filter>
    </None>
  </ItemGroup>
</Project>